
Microsoft Visual Studio Solution File, Format Version 12.00
# Visual Studio Version 16
VisualStudioVersion = 16.0.33529.622
MinimumVisualStudioVersion = 10.0.40219.1
Project("{D2ABAB84-BF74-430A-B69E-9DC6D40DDA17}") = "SSAS", "SSAS\SSAS.dwproj", "{3493C488-312D-4F63-A63D-63D41E7EB96E}"
EndProject
Global
	GlobalSection(SolutionConfigurationPlatforms) = preSolution
		Development|Default = Development|Default
	EndGlobalSection
	GlobalSection(ProjectConfigurationPlatforms) = postSolution
		{3493C488-312D-4F63-A63D-63D41E7EB96E}.Development|Default.ActiveCfg = Development
		{3493C488-312D-4F63-A63D-63D41E7EB96E}.Development|Default.Build.0 = Development
		{3493C488-312D-4F63-A63D-63D41E7EB96E}.Development|Default.Deploy.0 = Development
	EndGlobalSection
	GlobalSection(SolutionProperties) = preSolution
		HideSolutionNode = FALSE
	EndGlobalSection
	GlobalSection(ExtensibilityGlobals) = postSolution
		SolutionGuid = {8C0150E2-434F-4EB6-A5E9-45E6165F702B}
	EndGlobalSection
EndGlobal
